
Microsoft Visual Studio Solution File, Format Version 12.00
# Visual Studio Version 17
VisualStudioVersion = 17.5.33627.172
MinimumVisualStudioVersion = 10.0.40219.1
Project("{FAE04EC0-301F-11D3-BF4B-00C04F79EFBC}") = "Nbg-2023-CRM", "Nbg-2023-CRM\Nbg-2023-CRM.csproj", "{A400EA7E-D3C1-402B-BAF7-4F1412F5B50C}"
EndProject
Global
	GlobalSection(SolutionConfigurationPlatforms) = preSolution
		Debug|Any CPU = Debug|Any CPU
		Release|Any CPU = Release|Any CPU
	EndGlobalSection
	GlobalSection(ProjectConfigurationPlatforms) = postSolution
		{A400EA7E-D3C1-402B-BAF7-4F1412F5B50C}.Debug|Any CPU.ActiveCfg = Debug|Any CPU
		{A400EA7E-D3C1-402B-BAF7-4F1412F5B50C}.Debug|Any CPU.Build.0 = Debug|Any CPU
		{A400EA7E-D3C1-402B-BAF7-4F1412F5B50C}.Release|Any CPU.ActiveCfg = Release|Any CPU
		{A400EA7E-D3C1-402B-BAF7-4F1412F5B50C}.Release|Any CPU.Build.0 = Release|Any CPU
	EndGlobalSection
	GlobalSection(SolutionProperties) = preSolution
		HideSolutionNode = FALSE
	EndGlobalSection
	GlobalSection(ExtensibilityGlobals) = postSolution
		SolutionGuid = {83958BBD-83B7-4FD1-B617-CA0A07E541C8}
	EndGlobalSection
EndGlobal
